Microsoft Visual Studio Solution File, Format Version 11.00
# Visual Studio 2008

Project("{433628D2-EDF4-7799-DB6F-D7A6AA782DF6}") = "Tragedy of Man", "Assembly-CSharp.csproj", "{39981E42-CFFD-4E89-8028-28AF7BD322B0}"
EndProject
Global
	GlobalSection(SolutionConfigurationPlatforms) = preSolution
		Debug|Any CPU = Debug|Any CPU
		Release|Any CPU = Release|Any CPU
	EndGlobalSection
	GlobalSection(ProjectConfigurationPlatforms) = postSolution
		{39981E42-CFFD-4E89-8028-28AF7BD322B0}.Debug|Any CPU.ActiveCfg = Debug|Any CPU
		{39981E42-CFFD-4E89-8028-28AF7BD322B0}.Debug|Any CPU.Build.0 = Debug|Any CPU
		{39981E42-CFFD-4E89-8028-28AF7BD322B0}.Release|Any CPU.ActiveCfg = Release|Any CPU
		{39981E42-CFFD-4E89-8028-28AF7BD322B0}.Release|Any CPU.Build.0 = Release|Any CPU
	EndGlobalSection
	GlobalSection(SolutionProperties) = preSolution
		HideSolutionNode = FALSE
	EndGlobalSection
	GlobalSection(MonoDevelopProperties) = preSolution
		StartupItem = Assembly-CSharp.csproj
	EndGlobalSection
EndGlobal
